// !$*UTF8*$!
{
	archiveVersion = 1;
	classes = {
	};
	objectVersion = 50;
	objects = {

/* Begin PBXBuildFile section */
		462E85C722C7F4A300C6A32E /* RoomDetail.swift in Sources */ = {isa = PBXBuildFile; fileRef = 462E85C622C7F4A300C6A32E /* RoomDetail.swift */; };
		462E85C922C83FA800C6A32E /* RoomStore.swift in Sources */ = {isa = PBXBuildFile; fileRef = 462E85C822C83FA800C6A32E /* RoomStore.swift */; };
		462E85CE22C84BF700C6A32E /* Localizable.strings in Resources */ = {isa = PBXBuildFile; fileRef = 462E85D022C84BF700C6A32E /* Localizable.strings */; };
		462E85D122C84C3C00C6A32E /* Localizable.stringsdict in Resources */ = {isa = PBXBuildFile; fileRef = 462E85D322C84C3C00C6A32E /* Localizable.stringsdict */; };
		46EF938522C7DAC200E54EF2 /* AppDelegate.swift in Sources */ = {isa = PBXBuildFile; fileRef = 46EF938422C7DAC200E54EF2 /* AppDelegate.swift */; };
		46EF938722C7DAC200E54EF2 /* SceneDelegate.swift in Sources */ = {isa = PBXBuildFile; fileRef = 46EF938622C7DAC200E54EF2 /* SceneDelegate.swift */; };
		46EF938922C7DAC200E54EF2 /* ContentView.swift in Sources */ = {isa = PBXBuildFile; fileRef = 46EF938822C7DAC200E54EF2 /* ContentView.swift */; };
		46EF938B22C7DAC300E54EF2 /* Assets.xcassets in Resources */ = {isa = PBXBuildFile; fileRef = 46EF938A22C7DAC300E54EF2 /* Assets.xcassets */; };
		46EF938E22C7DAC300E54EF2 /* Preview Assets.xcassets in Resources */ = {isa = PBXBuildFile; fileRef = 46EF938D22C7DAC300E54EF2 /* Preview Assets.xcassets */; };
		46EF939122C7DAC300E54EF2 /* LaunchScreen.storyboard in Resources */ = {isa = PBXBuildFile; fileRef = 46EF938F22C7DAC300E54EF2 /* LaunchScreen.storyboard */; };
		46EF939922C7DC9F00E54EF2 /* Room.swift in Sources */ = {isa = PBXBuildFile; fileRef = 46EF939822C7DC9F00E54EF2 /* Room.swift */; };
		46EF939B22C7E51E00E54EF2 /* Rooms.xcassets in Resources */ = {isa = PBXBuildFile; fileRef = 46EF939A22C7E51E00E54EF2 /* Rooms.xcassets */; };
/* End PBXBuildFile section */

/* Begin PBXFileReference section */
		462E85C622C7F4A300C6A32E /* RoomDetail.swift */ = {isa = PBXFileReference; lastKnownFileType = sourcecode.swift; path = RoomDetail.swift; sourceTree = "<group>"; };
		462E85C822C83FA800C6A32E /* RoomStore.swift */ = {isa = PBXFileReference; lastKnownFileType = sourcecode.swift; path = RoomStore.swift; sourceTree = "<group>"; };
		462E85CF22C84BF700C6A32E /* en */ = {isa = PBXFileReference; lastKnownFileType = text.plist.strings; name = en; path = en.lproj/Localizable.strings; sourceTree = "<group>"; };
		462E85D222C84C3C00C6A32E /* en */ = {isa = PBXFileReference; lastKnownFileType = text.plist.stringsdict; name = en; path = en.lproj/Localizable.stringsdict; sourceTree = "<group>"; };
		46EF938122C7DAC200E54EF2 /* Rooms.app */ = {isa = PBXFileReference; explicitFileType = wrapper.application; includeInIndex = 0; path = Rooms.app; sourceTree = BUILT_PRODUCTS_DIR; };
		46EF938422C7DAC200E54EF2 /* AppDelegate.swift */ = {isa = PBXFileReference; lastKnownFileType = sourcecode.swift; path = AppDelegate.swift; sourceTree = "<group>"; };
		46EF938622C7DAC200E54EF2 /* SceneDelegate.swift */ = {isa = PBXFileReference; lastKnownFileType = sourcecode.swift; path = SceneDelegate.swift; sourceTree = "<group>"; };
		46EF938822C7DAC200E54EF2 /* ContentView.swift */ = {isa = PBXFileReference; lastKnownFileType = sourcecode.swift; path = ContentView.swift; sourceTree = "<group>"; };
		46EF938A22C7DAC300E54EF2 /* Assets.xcassets */ = {isa = PBXFileReference; lastKnownFileType = folder.assetcatalog; path = Assets.xcassets; sourceTree = "<group>"; };
		46EF938D22C7DAC300E54EF2 /* Preview Assets.xcassets */ = {isa = PBXFileReference; lastKnownFileType = folder.assetcatalog; path = "Preview Assets.xcassets"; sourceTree = "<group>"; };
		46EF939022C7DAC300E54EF2 /* Base */ = {isa = PBXFileReference; lastKnownFileType = file.storyboard; name = Base; path = Base.lproj/LaunchScreen.storyboard; sourceTree = "<group>"; };
		46EF939222C7DAC300E54EF2 /* Info.plist */ = {isa = PBXFileReference; lastKnownFileType = text.plist.xml; path = Info.plist; sourceTree = "<group>"; };
		46EF939822C7DC9F00E54EF2 /* Room.swift */ = {isa = PBXFileReference; lastKnownFileType = sourcecode.swift; path = Room.swift; sourceTree = "<group>"; };
		46EF939A22C7E51E00E54EF2 /* Rooms.xcassets */ = {isa = PBXFileReference; lastKnownFileType = folder.assetcatalog; path = Rooms.xcassets; sourceTree = "<group>"; };
/* End PBXFileReference section */

/* Begin PBXFrameworksBuildPhase section */
		46EF937E22C7DAC200E54EF2 /* Frameworks */ = {
			isa = PBXFrameworksBuildPhase;
			buildActionMask = 2147483647;
			files = (
			);
			runOnlyForDeploymentPostprocessing = 0;
		};
/* End PBXFrameworksBuildPhase section */

/* Begin PBXGroup section */
		46EF937822C7DAC200E54EF2 = {
			isa = PBXGroup;
			children = (
				46EF938322C7DAC200E54EF2 /* Rooms */,
				46EF938222C7DAC200E54EF2 /* Products */,
			);
			sourceTree = "<group>";
		};
		46EF938222C7DAC200E54EF2 /* Products */ = {
			isa = PBXGroup;
			children = (
				46EF938122C7DAC200E54EF2 /* Rooms.app */,
			);
			name = Products;
			sourceTree = "<group>";
		};
		46EF938322C7DAC200E54EF2 /* Rooms */ = {
			isa = PBXGroup;
			children = (
				46EF938422C7DAC200E54EF2 /* AppDelegate.swift */,
				46EF938622C7DAC200E54EF2 /* SceneDelegate.swift */,
				46EF938822C7DAC200E54EF2 /* ContentView.swift */,
				462E85C622C7F4A300C6A32E /* RoomDetail.swift */,
				46EF938A22C7DAC300E54EF2 /* Assets.xcassets */,
				46EF939A22C7E51E00E54EF2 /* Rooms.xcassets */,
				46EF938F22C7DAC300E54EF2 /* LaunchScreen.storyboard */,
				46EF939222C7DAC300E54EF2 /* Info.plist */,
				46EF938C22C7DAC300E54EF2 /* Preview Content */,
				46EF939822C7DC9F00E54EF2 /* Room.swift */,
				462E85C822C83FA800C6A32E /* RoomStore.swift */,
				462E85D022C84BF700C6A32E /* Localizable.strings */,
				462E85D322C84C3C00C6A32E /* Localizable.stringsdict */,
			);
			path = Rooms;
			sourceTree = "<group>";
		};
		46EF938C22C7DAC300E54EF2 /* Preview Content */ = {
			isa = PBXGroup;
			children = (
				46EF938D22C7DAC300E54EF2 /* Preview Assets.xcassets */,
			);
			path = "Preview Content";
			sourceTree = "<group>";
		};
/* End PBXGroup section */

/* Begin PBXNativeTarget section */
		46EF938022C7DAC200E54EF2 /* Rooms */ = {
			isa = PBXNativeTarget;
			buildConfigurationList = 46EF939522C7DAC300E54EF2 /* Build configuration list for PBXNativeTarget "Rooms" */;
			buildPhases = (
				46EF937D22C7DAC200E54EF2 /* Sources */,
				46EF937E22C7DAC200E54EF2 /* Frameworks */,
				46EF937F22C7DAC200E54EF2 /* Resources */,
			);
			buildRules = (
			);
			dependencies = (
			);
			name = Rooms;
			productName = Rooms;
			productReference = 46EF938122C7DAC200E54EF2 /* Rooms.app */;
			productType = "com.apple.product-type.application";
		};
/* End PBXNativeTarget section */

/* Begin PBXProject section */
		46EF937922C7DAC200E54EF2 /* Project object */ = {
			isa = PBXProject;
			attributes = {
				LastSwiftUpdateCheck = 1100;
				LastUpgradeCheck = 1100;
				ORGANIZATIONNAME = "Philip Smith";
				TargetAttributes = {
					46EF938022C7DAC200E54EF2 = {
						CreatedOnToolsVersion = 11.0;
					};
				};
			};
			buildConfigurationList = 46EF937C22C7DAC200E54EF2 /* Build configuration list for PBXProject "Rooms" */;
			compatibilityVersion = "Xcode 9.3";
			developmentRegion = en;
			hasScannedForEncodings = 0;
			knownRegions = (
				en,
				Base,
			);
			mainGroup = 46EF937822C7DAC200E54EF2;
			productRefGroup = 46EF938222C7DAC200E54EF2 /* Products */;
			projectDirPath = "";
			projectRoot = "";
			targets = (
				46EF938022C7DAC200E54EF2 /* Rooms */,
			);
		};
/* End PBXProject section */

/* Begin PBXResourcesBuildPhase section */
		46EF937F22C7DAC200E54EF2 /* Resources */ = {
			isa = PBXResourcesBuildPhase;
			buildActionMask = 2147483647;
			files = (
				462E85CE22C84BF700C6A32E /* Localizable.strings in Resources */,
				46EF939122C7DAC300E54EF2 /* LaunchScreen.storyboard in Resources */,
				46EF938E22C7DAC300E54EF2 /* Preview Assets.xcassets in Resources */,
				46EF939B22C7E51E00E54EF2 /* Rooms.xcassets in Resources */,
				46EF938B22C7DAC300E54EF2 /* Assets.xcassets in Resources */,
				462E85D122C84C3C00C6A32E /* Localizable.stringsdict in Resources */,
			);
			runOnlyForDeploymentPostprocessing = 0;
		};
/* End PBXResourcesBuildPhase section */

/* Begin PBXSourcesBuildPhase section */
		46EF937D22C7DAC200E54EF2 /* Sources */ = {
			isa = PBXSourcesBuildPhase;
			buildActionMask = 2147483647;
			files = (
				462E85C722C7F4A300C6A32E /* RoomDetail.swift in Sources */,
				46EF938522C7DAC200E54EF2 /* AppDelegate.swift in Sources */,
				46EF938722C7DAC200E54EF2 /* SceneDelegate.swift in Sources */,
				46EF939922C7DC9F00E54EF2 /* Room.swift in Sources */,
				462E85C922C83FA800C6A32E /* RoomStore.swift in Sources */,
				46EF938922C7DAC200E54EF2 /* ContentView.swift in Sources */,
			);
			runOnlyForDeploymentPostprocessing = 0;
		};
/* End PBXSourcesBuildPhase section */

/* Begin PBXVariantGroup section */
		462E85D022C84BF700C6A32E /* Localizable.strings */ = {
			isa = PBXVariantGroup;
			children = (
				462E85CF22C84BF700C6A32E /* en */,
			);
			name = Localizable.strings;
			sourceTree = "<group>";
		};
		462E85D322C84C3C00C6A32E /* Localizable.stringsdict */ = {
			isa = PBXVariantGroup;
			children = (
				462E85D222C84C3C00C6A32E /* en */,
			);
			name = Localizable.stringsdict;
			sourceTree = "<group>";
		};
		46EF938F22C7DAC300E54EF2 /* LaunchScreen.storyboard */ = {
			isa = PBXVariantGroup;
			children = (
				46EF939022C7DAC300E54EF2 /* Base */,
			);
			name = LaunchScreen.storyboard;
			sourceTree = "<group>";
		};
/* End PBXVariantGroup section */

/* Begin XCBuildConfiguration section */
		46EF939322C7DAC300E54EF2 /* Debug */ = {
			isa = XCBuildConfiguration;
			buildSettings = {
				ALWAYS_SEARCH_USER_PATHS = NO;
				CLANG_ANALYZER_NONNULL = YES;
				CLANG_ANALYZER_NUMBER_OBJECT_CONVERSION = YES_AGGRESSIVE;
				CLANG_CXX_LANGUAGE_STANDARD = "gnu++14";
				CLANG_CXX_LIBRARY = "libc++";
				CLANG_ENABLE_MODULES = YES;
				CLANG_ENABLE_OBJC_ARC = YES;
				CLANG_ENABLE_OBJC_WEAK = YES;
				CLANG_WARN_BLOCK_CAPTURE_AUTORELEASING = YES;
				CLANG_WARN_BOOL_CONVERSION = YES;
				CLANG_WARN_COMMA = YES;
				CLANG_WARN_CONSTANT_CONVERSION = YES;
				CLANG_WARN_DEPRECATED_OBJC_IMPLEMENTATIONS = YES;
				CLANG_WARN_DIRECT_OBJC_ISA_USAGE = YES_ERROR;
				CLANG_WARN_DOCUMENTATION_COMMENTS = YES;
				CLANG_WARN_EMPTY_BODY = YES;
				CLANG_WARN_ENUM_CONVERSION = YES;
				CLANG_WARN_INFINITE_RECURSION = YES;
				CLANG_WARN_INT_CONVERSION = YES;
				CLANG_WARN_NON_LITERAL_NULL_CONVERSION = YES;
				CLANG_WARN_OBJC_IMPLICIT_RETAIN_SELF = YES;
				CLANG_WARN_OBJC_LITERAL_CONVERSION = YES;
				CLANG_WARN_OBJC_ROOT_CLASS = YES_ERROR;
				CLANG_WARN_RANGE_LOOP_ANALYSIS = YES;
				CLANG_WARN_STRICT_PROTOTYPES = YES;
				CLANG_WARN_SUSPICIOUS_MOVE = YES;
				CLANG_WARN_UNGUARDED_AVAILABILITY = YES_AGGRESSIVE;
				CLANG_WARN_UNREACHABLE_CODE = YES;
				CLANG_WARN__DUPLICATE_METHOD_MATCH = YES;
				COPY_PHASE_STRIP = NO;
				DEBUG_INFORMATION_FORMAT = dwarf;
				ENABLE_STRICT_OBJC_MSGSEND = YES;
				ENABLE_TESTABILITY = YES;
				GCC_C_LANGUAGE_STANDARD = gnu11;
				GCC_DYNAMIC_NO_PIC = NO;
				GCC_NO_COMMON_BLOCKS = YES;
				GCC_OPTIMIZATION_LEVEL = 0;
				GCC_PREPROCESSOR_DEFINITIONS = (
					"DEBUG=1",
					"$(inherited)",
				);
				GCC_WARN_64_TO_32_BIT_CONVERSION = YES;
				GCC_WARN_ABOUT_RETURN_TYPE = YES_ERROR;
				GCC_WARN_UNDECLARED_SELECTOR = YES;
				GCC_WARN_UNINITIALIZED_AUTOS = YES_AGGRESSIVE;
				GCC_WARN_UNUSED_FUNCTION = YES;
				GCC_WARN_UNUSED_VARIABLE = YES;
				IPHONEOS_DEPLOYMENT_TARGET = 13.0;
				MTL_ENABLE_DEBUG_INFO = INCLUDE_SOURCE;
				MTL_FAST_MATH = YES;
				ONLY_ACTIVE_ARCH = YES;
				SDKROOT = iphoneos;
				SWIFT_ACTIVE_COMPILATION_CONDITIONS = DEBUG;
				SWIFT_OPTIMIZATION_LEVEL = "-Onone";
			};
			name = Debug;
		};
		46EF939422C7DAC300E54EF2 /* Release */ = {
			isa = XCBuildConfiguration;
			buildSettings = {
				ALWAYS_SEARCH_USER_PATHS = NO;
				CLANG_ANALYZER_NONNULL = YES;
				CLANG_ANALYZER_NUMBER_OBJECT_CONVERSION = YES_AGGRESSIVE;
				CLANG_CXX_LANGUAGE_STANDARD = "gnu++14";
				CLANG_CXX_LIBRARY = "libc++";
				CLANG_ENABLE_MODULES = YES;
				CLANG_ENABLE_OBJC_ARC = YES;
				CLANG_ENABLE_OBJC_WEAK = YES;
				CLANG_WARN_BLOCK_CAPTURE_AUTORELEASING = YES;
				CLANG_WARN_BOOL_CONVERSION = YES;
				CLANG_WARN_COMMA = YES;
				CLANG_WARN_CONSTANT_CONVERSION = YES;
				CLANG_WARN_DEPRECATED_OBJC_IMPLEMENTATIONS = YES;
				CLANG_WARN_DIRECT_OBJC_ISA_USAGE = YES_ERROR;
				CLANG_WARN_DOCUMENTATION_COMMENTS = YES;
				CLANG_WARN_EMPTY_BODY = YES;
				CLANG_WARN_ENUM_CONVERSION = YES;
				CLANG_WARN_INFINITE_RECURSION = YES;
				CLANG_WARN_INT_CONVERSION = YES;
				CLANG_WARN_NON_LITERAL_NULL_CONVERSION = YES;
				CLANG_WARN_OBJC_IMPLICIT_RETAIN_SELF = YES;
				CLANG_WARN_OBJC_LITERAL_CONVERSION = YES;
				CLANG_WARN_OBJC_ROOT_CLASS = YES_ERROR;
				CLANG_WARN_RANGE_LOOP_ANALYSIS = YES;
				CLANG_WARN_STRICT_PROTOTYPES = YES;
				CLANG_WARN_SUSPICIOUS_MOVE = YES;
				CLANG_WARN_UNGUARDED_AVAILABILITY = YES_AGGRESSIVE;
				CLANG_WARN_UNREACHABLE_CODE = YES;
				CLANG_WARN__DUPLICATE_METHOD_MATCH = YES;
				COPY_PHASE_STRIP = NO;
				DEBUG_INFORMATION_FORMAT = "dwarf-with-dsym";
				ENABLE_NS_ASSERTIONS = NO;
				ENABLE_STRICT_OBJC_MSGSEND = YES;
				GCC_C_LANGUAGE_STANDARD = gnu11;
				GCC_NO_COMMON_BLOCKS = YES;
				GCC_WARN_64_TO_32_BIT_CONVERSION = YES;
				GCC_WARN_ABOUT_RETURN_TYPE = YES_ERROR;
				GCC_WARN_UNDECLARED_SELECTOR = YES;
				GCC_WARN_UNINITIALIZED_AUTOS = YES_AGGRESSIVE;
				GCC_WARN_UNUSED_FUNCTION = YES;
				GCC_WARN_UNUSED_VARIABLE = YES;
				IPHONEOS_DEPLOYMENT_TARGET = 13.0;
				MTL_ENABLE_DEBUG_INFO = NO;
				MTL_FAST_MATH = YES;
				SDKROOT = iphoneos;
				SWIFT_COMPILATION_MODE = wholemodule;
				SWIFT_OPTIMIZATION_LEVEL = "-O";
				VALIDATE_PRODUCT = YES;
			};
			name = Release;
		};
		46EF939622C7DAC300E54EF2 /* Debug */ = {
			isa = XCBuildConfiguration;
			buildSettings = {
				ASSETCATALOG_COMPILER_APPICON_NAME = AppIcon;
				CODE_SIGN_STYLE = Automatic;
				DEVELOPMENT_ASSET_PATHS = "Rooms/Preview\\ Content";
				ENABLE_PREVIEWS = YES;
				INFOPLIST_FILE = Rooms/Info.plist;
				LD_RUNPATH_SEARCH_PATHS = (
					"$(inherited)",
					"@executable_path/Frameworks",
				);
				PRODUCT_BUNDLE_IDENTIFIER = tech.phils.Rooms;
				PRODUCT_NAME = "$(TARGET_NAME)";
				SWIFT_VERSION = 5.0;
				TARGETED_DEVICE_FAMILY = "1,2";
			};
			name = Debug;
		};
		46EF939722C7DAC300E54EF2 /* Release */ = {
			isa = XCBuildConfiguration;
			buildSettings = {
				ASSETCATALOG_COMPILER_APPICON_NAME = AppIcon;
				CODE_SIGN_STYLE = Automatic;
				DEVELOPMENT_ASSET_PATHS = "Rooms/Preview\\ Content";
				ENABLE_PREVIEWS = YES;
				INFOPLIST_FILE = Rooms/Info.plist;
				LD_RUNPATH_SEARCH_PATHS = (
					"$(inherited)",
					"@executable_path/Frameworks",
				);
				PRODUCT_BUNDLE_IDENTIFIER = tech.phils.Rooms;
				PRODUCT_NAME = "$(TARGET_NAME)";
				SWIFT_VERSION = 5.0;
				TARGETED_DEVICE_FAMILY = "1,2";
			};
			name = Release;
		};
/* End XCBuildConfiguration section */

/* Begin XCConfigurationList section */
		46EF937C22C7DAC200E54EF2 /* Build configuration list for PBXProject "Rooms" */ = {
			isa = XCConfigurationList;
			buildConfigurations = (
				46EF939322C7DAC300E54EF2 /* Debug */,
				46EF939422C7DAC300E54EF2 /* Release */,
			);
			defaultConfigurationIsVisible = 0;
			defaultConfigurationName = Release;
		};
		46EF939522C7DAC300E54EF2 /* Build configuration list for PBXNativeTarget "Rooms" */ = {
			isa = XCConfigurationList;
			buildConfigurations = (
				46EF939622C7DAC300E54EF2 /* Debug */,
				46EF939722C7DAC300E54EF2 /* Release */,
			);
			defaultConfigurationIsVisible = 0;
			defaultConfigurationName = Release;
		};
/* End XCConfigurationList section */
	};
	rootObject = 46EF937922C7DAC200E54EF2 /* Project object */;
}
